
Microsoft Visual Studio Solution File, Format Version 12.00
# Visual Studio Version 17
VisualStudioVersion = 17.3.32929.385
MinimumVisualStudioVersion = 10.0.40219.1
Project("{F184B08F-C81C-45F6-A57F-5ABD9991F28F}") = "ProjectVJ", "ProjectVJ.vbproj", "{5481B000-D87D-4146-8D48-4AB7B81ABDBA}"
EndProject
Global
	GlobalSection(SolutionConfigurationPlatforms) = preSolution
		Debug|Any CPU = Debug|Any CPU
		Release|Any CPU = Release|Any CPU
	EndGlobalSection
	GlobalSection(ProjectConfigurationPlatforms) = postSolution
		{5481B000-D87D-4146-8D48-4AB7B81ABDBA}.Debug|Any CPU.ActiveCfg = Debug|Any CPU
		{5481B000-D87D-4146-8D48-4AB7B81ABDBA}.Debug|Any CPU.Build.0 = Debug|Any CPU
		{5481B000-D87D-4146-8D48-4AB7B81ABDBA}.Release|Any CPU.ActiveCfg = Release|Any CPU
		{5481B000-D87D-4146-8D48-4AB7B81ABDBA}.Release|Any CPU.Build.0 = Release|Any CPU
	EndGlobalSection
	GlobalSection(SolutionProperties) = preSolution
		HideSolutionNode = FALSE
	EndGlobalSection
	GlobalSection(ExtensibilityGlobals) = postSolution
		SolutionGuid = {4468DD70-9DE3-4381-AFBB-03E9F7AAD9EF}
	EndGlobalSection
EndGlobal
